{
  "pins" : [
    {
      "identity" : "flowstacks",
      "kind" : "remoteSourceControl",
      "location" : "https://github.com/johnpatrickmorgan/FlowStacks.git",
      "state" : {
        "revision" : "44ee1a60d8657bfe83d7433087427d5df9c6768a",
        "version" : "0.3.7"
      }
    }
  ],
  "version" : 2
}
